
Microsoft Visual Studio Solution File, Format Version 12.00
# Visual Studio Version 17
VisualStudioVersion = 17.2.32616.157
MinimumVisualStudioVersion = 10.0.40219.1
Project("{FAE04EC0-301F-11D3-BF4B-00C04F79EFBC}") = "SpaceApps", "SpaceApps\SpaceApps.csproj", "{8F4DE25E-64EB-4867-A316-341E2E99593C}"
EndProject
Global
	GlobalSection(SolutionConfigurationPlatforms) = preSolution
		Debug|Any CPU = Debug|Any CPU
		Release|Any CPU = Release|Any CPU
	EndGlobalSection
	GlobalSection(ProjectConfigurationPlatforms) = postSolution
		{8F4DE25E-64EB-4867-A316-341E2E99593C}.Debug|Any CPU.ActiveCfg = Debug|Any CPU
		{8F4DE25E-64EB-4867-A316-341E2E99593C}.Debug|Any CPU.Build.0 = Debug|Any CPU
		{8F4DE25E-64EB-4867-A316-341E2E99593C}.Release|Any CPU.ActiveCfg = Release|Any CPU
		{8F4DE25E-64EB-4867-A316-341E2E99593C}.Release|Any CPU.Build.0 = Release|Any CPU
	EndGlobalSection
	GlobalSection(SolutionProperties) = preSolution
		HideSolutionNode = FALSE
	EndGlobalSection
	GlobalSection(ExtensibilityGlobals) = postSolution
		SolutionGuid = {57292AB2-9033-4DB5-BFB3-81BC780119F8}
	EndGlobalSection
EndGlobal
